
Microsoft Visual Studio Solution File, Format Version 12.00
# Visual Studio Version 17
VisualStudioVersion = 17.4.33110.190
MinimumVisualStudioVersion = 10.0.40219.1
Project("{FAE04EC0-301F-11D3-BF4B-00C04F79EFBC}") = "Average2_1006", "Average2_1006\Average2_1006.csproj", "{CCD80CE3-A6A4-4DD4-9193-388048192426}"
EndProject
Global
	GlobalSection(SolutionConfigurationPlatforms) = preSolution
		Debug|Any CPU = Debug|Any CPU
		Release|Any CPU = Release|Any CPU
	EndGlobalSection
	GlobalSection(ProjectConfigurationPlatforms) = postSolution
		{CCD80CE3-A6A4-4DD4-9193-388048192426}.Debug|Any CPU.ActiveCfg = Debug|Any CPU
		{CCD80CE3-A6A4-4DD4-9193-388048192426}.Debug|Any CPU.Build.0 = Debug|Any CPU
		{CCD80CE3-A6A4-4DD4-9193-388048192426}.Release|Any CPU.ActiveCfg = Release|Any CPU
		{CCD80CE3-A6A4-4DD4-9193-388048192426}.Release|Any CPU.Build.0 = Release|Any CPU
	EndGlobalSection
	GlobalSection(SolutionProperties) = preSolution
		HideSolutionNode = FALSE
	EndGlobalSection
	GlobalSection(ExtensibilityGlobals) = postSolution
		SolutionGuid = {236AF4B4-799D-4CEB-8324-AAA741395F38}
	EndGlobalSection
EndGlobal
