
Microsoft Visual Studio Solution File, Format Version 12.00
# Visual Studio Version 17
VisualStudioVersion = 17.4.33110.190
MinimumVisualStudioVersion = 10.0.40219.1
Project("{FAE04EC0-301F-11D3-BF4B-00C04F79EFBC}") = "DistanceBetweenTwoPoints_1015", "DistanceBetweenTwoPoints_1015\DistanceBetweenTwoPoints_1015.csproj", "{878FCE0A-CA72-4385-9D6E-21B9449C1C05}"
EndProject
Global
	GlobalSection(SolutionConfigurationPlatforms) = preSolution
		Debug|Any CPU = Debug|Any CPU
		Release|Any CPU = Release|Any CPU
	EndGlobalSection
	GlobalSection(ProjectConfigurationPlatforms) = postSolution
		{878FCE0A-CA72-4385-9D6E-21B9449C1C05}.Debug|Any CPU.ActiveCfg = Debug|Any CPU
		{878FCE0A-CA72-4385-9D6E-21B9449C1C05}.Debug|Any CPU.Build.0 = Debug|Any CPU
		{878FCE0A-CA72-4385-9D6E-21B9449C1C05}.Release|Any CPU.ActiveCfg = Release|Any CPU
		{878FCE0A-CA72-4385-9D6E-21B9449C1C05}.Release|Any CPU.Build.0 = Release|Any CPU
	EndGlobalSection
	GlobalSection(SolutionProperties) = preSolution
		HideSolutionNode = FALSE
	EndGlobalSection
	GlobalSection(ExtensibilityGlobals) = postSolution
		SolutionGuid = {67094587-C415-4B7C-829B-B0A4817F746B}
	EndGlobalSection
EndGlobal
