
Microsoft Visual Studio Solution File, Format Version 12.00
# Visual Studio Version 17
VisualStudioVersion = 17.4.33122.133
MinimumVisualStudioVersion = 10.0.40219.1
Project("{FAE04EC0-301F-11D3-BF4B-00C04F79EFBC}") = "SixOddNumbers_1070", "SixOddNumbers_1070\SixOddNumbers_1070.csproj", "{9729BFBB-DFA4-422C-8BEC-804C410233AF}"
EndProject
Global
	GlobalSection(SolutionConfigurationPlatforms) = preSolution
		Debug|Any CPU = Debug|Any CPU
		Release|Any CPU = Release|Any CPU
	EndGlobalSection
	GlobalSection(ProjectConfigurationPlatforms) = postSolution
		{9729BFBB-DFA4-422C-8BEC-804C410233AF}.Debug|Any CPU.ActiveCfg = Debug|Any CPU
		{9729BFBB-DFA4-422C-8BEC-804C410233AF}.Debug|Any CPU.Build.0 = Debug|Any CPU
		{9729BFBB-DFA4-422C-8BEC-804C410233AF}.Release|Any CPU.ActiveCfg = Release|Any CPU
		{9729BFBB-DFA4-422C-8BEC-804C410233AF}.Release|Any CPU.Build.0 = Release|Any CPU
	EndGlobalSection
	GlobalSection(SolutionProperties) = preSolution
		HideSolutionNode = FALSE
	EndGlobalSection
	GlobalSection(ExtensibilityGlobals) = postSolution
		SolutionGuid = {EDAF9B31-7F33-4710-9F6A-8A96D66BB104}
	EndGlobalSection
EndGlobal
