
Microsoft Visual Studio Solution File, Format Version 12.00
# Visual Studio Version 17
VisualStudioVersion = 17.4.33122.133
MinimumVisualStudioVersion = 10.0.40219.1
Project("{FAE04EC0-301F-11D3-BF4B-00C04F79EFBC}") = "RestOfADivision_1133", "RestOfADivision_1133\RestOfADivision_1133.csproj", "{BEFF9F1A-5FD1-450B-B0E1-A62AEB867D20}"
EndProject
Global
	GlobalSection(SolutionConfigurationPlatforms) = preSolution
		Debug|Any CPU = Debug|Any CPU
		Release|Any CPU = Release|Any CPU
	EndGlobalSection
	GlobalSection(ProjectConfigurationPlatforms) = postSolution
		{BEFF9F1A-5FD1-450B-B0E1-A62AEB867D20}.Debug|Any CPU.ActiveCfg = Debug|Any CPU
		{BEFF9F1A-5FD1-450B-B0E1-A62AEB867D20}.Debug|Any CPU.Build.0 = Debug|Any CPU
		{BEFF9F1A-5FD1-450B-B0E1-A62AEB867D20}.Release|Any CPU.ActiveCfg = Release|Any CPU
		{BEFF9F1A-5FD1-450B-B0E1-A62AEB867D20}.Release|Any CPU.Build.0 = Release|Any CPU
	EndGlobalSection
	GlobalSection(SolutionProperties) = preSolution
		HideSolutionNode = FALSE
	EndGlobalSection
	GlobalSection(ExtensibilityGlobals) = postSolution
		SolutionGuid = {E77496A9-09AF-4C7A-9502-22D810786593}
	EndGlobalSection
EndGlobal
