
Microsoft Visual Studio Solution File, Format Version 12.00
# Visual Studio Version 17
VisualStudioVersion = 17.4.33110.190
MinimumVisualStudioVersion = 10.0.40219.1
Project("{FAE04EC0-301F-11D3-BF4B-00C04F79EFBC}") = "TimeConversion_1019", "TimeConversion_1019\TimeConversion_1019.csproj", "{A69A16CF-B384-469E-942F-4C59455311F5}"
EndProject
Global
	GlobalSection(SolutionConfigurationPlatforms) = preSolution
		Debug|Any CPU = Debug|Any CPU
		Release|Any CPU = Release|Any CPU
	EndGlobalSection
	GlobalSection(ProjectConfigurationPlatforms) = postSolution
		{A69A16CF-B384-469E-942F-4C59455311F5}.Debug|Any CPU.ActiveCfg = Debug|Any CPU
		{A69A16CF-B384-469E-942F-4C59455311F5}.Debug|Any CPU.Build.0 = Debug|Any CPU
		{A69A16CF-B384-469E-942F-4C59455311F5}.Release|Any CPU.ActiveCfg = Release|Any CPU
		{A69A16CF-B384-469E-942F-4C59455311F5}.Release|Any CPU.Build.0 = Release|Any CPU
	EndGlobalSection
	GlobalSection(SolutionProperties) = preSolution
		HideSolutionNode = FALSE
	EndGlobalSection
	GlobalSection(ExtensibilityGlobals) = postSolution
		SolutionGuid = {0E73085A-267C-4083-9E30-34F35347717D}
	EndGlobalSection
EndGlobal
