
Microsoft Visual Studio Solution File, Format Version 12.00
# Visual Studio Version 17
VisualStudioVersion = 17.4.33110.190
MinimumVisualStudioVersion = 10.0.40219.1
Project("{FAE04EC0-301F-11D3-BF4B-00C04F79EFBC}") = "Taxes_1051", "Taxes_1051\Taxes_1051.csproj", "{B94CEF89-F047-4DE0-9C46-30D8BC3BE85D}"
EndProject
Global
	GlobalSection(SolutionConfigurationPlatforms) = preSolution
		Debug|Any CPU = Debug|Any CPU
		Release|Any CPU = Release|Any CPU
	EndGlobalSection
	GlobalSection(ProjectConfigurationPlatforms) = postSolution
		{B94CEF89-F047-4DE0-9C46-30D8BC3BE85D}.Debug|Any CPU.ActiveCfg = Debug|Any CPU
		{B94CEF89-F047-4DE0-9C46-30D8BC3BE85D}.Debug|Any CPU.Build.0 = Debug|Any CPU
		{B94CEF89-F047-4DE0-9C46-30D8BC3BE85D}.Release|Any CPU.ActiveCfg = Release|Any CPU
		{B94CEF89-F047-4DE0-9C46-30D8BC3BE85D}.Release|Any CPU.Build.0 = Release|Any CPU
	EndGlobalSection
	GlobalSection(SolutionProperties) = preSolution
		HideSolutionNode = FALSE
	EndGlobalSection
	GlobalSection(ExtensibilityGlobals) = postSolution
		SolutionGuid = {D209F060-6FF1-49FA-BF4A-C6B8DA4B3FEE}
	EndGlobalSection
EndGlobal
