
Microsoft Visual Studio Solution File, Format Version 12.00
# Visual Studio Version 17
VisualStudioVersion = 17.4.33122.133
MinimumVisualStudioVersion = 10.0.40219.1
Project("{FAE04EC0-301F-11D3-BF4B-00C04F79EFBC}") = "SumOfConsecutiveOddNumbersII_1099", "SumOfConsecutiveOddNumbersII_1099\SumOfConsecutiveOddNumbersII_1099.csproj", "{C879E795-DD92-48F4-9640-E379533F6BCD}"
EndProject
Global
	GlobalSection(SolutionConfigurationPlatforms) = preSolution
		Debug|Any CPU = Debug|Any CPU
		Release|Any CPU = Release|Any CPU
	EndGlobalSection
	GlobalSection(ProjectConfigurationPlatforms) = postSolution
		{C879E795-DD92-48F4-9640-E379533F6BCD}.Debug|Any CPU.ActiveCfg = Debug|Any CPU
		{C879E795-DD92-48F4-9640-E379533F6BCD}.Debug|Any CPU.Build.0 = Debug|Any CPU
		{C879E795-DD92-48F4-9640-E379533F6BCD}.Release|Any CPU.ActiveCfg = Release|Any CPU
		{C879E795-DD92-48F4-9640-E379533F6BCD}.Release|Any CPU.Build.0 = Release|Any CPU
	EndGlobalSection
	GlobalSection(SolutionProperties) = preSolution
		HideSolutionNode = FALSE
	EndGlobalSection
	GlobalSection(ExtensibilityGlobals) = postSolution
		SolutionGuid = {13AB9225-3799-43C8-8778-67FF95D3EE0D}
	EndGlobalSection
EndGlobal
