
Microsoft Visual Studio Solution File, Format Version 12.00
# Visual Studio Version 17
VisualStudioVersion = 17.4.33122.133
MinimumVisualStudioVersion = 10.0.40219.1
Project("{FAE04EC0-301F-11D3-BF4B-00C04F79EFBC}") = "Experiments_1094", "Experiments_1094\Experiments_1094.csproj", "{0D4F3E04-6CEE-4030-BD3B-39A28679BF29}"
EndProject
Global
	GlobalSection(SolutionConfigurationPlatforms) = preSolution
		Debug|Any CPU = Debug|Any CPU
		Release|Any CPU = Release|Any CPU
	EndGlobalSection
	GlobalSection(ProjectConfigurationPlatforms) = postSolution
		{0D4F3E04-6CEE-4030-BD3B-39A28679BF29}.Debug|Any CPU.ActiveCfg = Debug|Any CPU
		{0D4F3E04-6CEE-4030-BD3B-39A28679BF29}.Debug|Any CPU.Build.0 = Debug|Any CPU
		{0D4F3E04-6CEE-4030-BD3B-39A28679BF29}.Release|Any CPU.ActiveCfg = Release|Any CPU
		{0D4F3E04-6CEE-4030-BD3B-39A28679BF29}.Release|Any CPU.Build.0 = Release|Any CPU
	EndGlobalSection
	GlobalSection(SolutionProperties) = preSolution
		HideSolutionNode = FALSE
	EndGlobalSection
	GlobalSection(ExtensibilityGlobals) = postSolution
		SolutionGuid = {D64AC15B-A540-4817-87E6-5E878AFAA89C}
	EndGlobalSection
EndGlobal
