
Microsoft Visual Studio Solution File, Format Version 12.00
# Visual Studio Version 17
VisualStudioVersion = 17.4.33122.133
MinimumVisualStudioVersion = 10.0.40219.1
Project("{FAE04EC0-301F-11D3-BF4B-00C04F79EFBC}") = "PUM_1147", "PUM_1147\PUM_1147.csproj", "{3793E2FC-D56E-4D12-A43B-FFE771BB4951}"
EndProject
Global
	GlobalSection(SolutionConfigurationPlatforms) = preSolution
		Debug|Any CPU = Debug|Any CPU
		Release|Any CPU = Release|Any CPU
	EndGlobalSection
	GlobalSection(ProjectConfigurationPlatforms) = postSolution
		{3793E2FC-D56E-4D12-A43B-FFE771BB4951}.Debug|Any CPU.ActiveCfg = Debug|Any CPU
		{3793E2FC-D56E-4D12-A43B-FFE771BB4951}.Debug|Any CPU.Build.0 = Debug|Any CPU
		{3793E2FC-D56E-4D12-A43B-FFE771BB4951}.Release|Any CPU.ActiveCfg = Release|Any CPU
		{3793E2FC-D56E-4D12-A43B-FFE771BB4951}.Release|Any CPU.Build.0 = Release|Any CPU
	EndGlobalSection
	GlobalSection(SolutionProperties) = preSolution
		HideSolutionNode = FALSE
	EndGlobalSection
	GlobalSection(ExtensibilityGlobals) = postSolution
		SolutionGuid = {346AC882-04CF-431F-A964-664B770593F8}
	EndGlobalSection
EndGlobal
