
Microsoft Visual Studio Solution File, Format Version 12.00
# Visual Studio Version 17
VisualStudioVersion = 17.4.33110.190
MinimumVisualStudioVersion = 10.0.40219.1
Project("{FAE04EC0-301F-11D3-BF4B-00C04F79EFBC}") = "AreaOfACircle_1002", "AreaOfACircle_1002\AreaOfACircle_1002.csproj", "{822278F3-C8DD-4F58-BA74-FD3C46E966C3}"
EndProject
Global
	GlobalSection(SolutionConfigurationPlatforms) = preSolution
		Debug|Any CPU = Debug|Any CPU
		Release|Any CPU = Release|Any CPU
	EndGlobalSection
	GlobalSection(ProjectConfigurationPlatforms) = postSolution
		{822278F3-C8DD-4F58-BA74-FD3C46E966C3}.Debug|Any CPU.ActiveCfg = Debug|Any CPU
		{822278F3-C8DD-4F58-BA74-FD3C46E966C3}.Debug|Any CPU.Build.0 = Debug|Any CPU
		{822278F3-C8DD-4F58-BA74-FD3C46E966C3}.Release|Any CPU.ActiveCfg = Release|Any CPU
		{822278F3-C8DD-4F58-BA74-FD3C46E966C3}.Release|Any CPU.Build.0 = Release|Any CPU
	EndGlobalSection
	GlobalSection(SolutionProperties) = preSolution
		HideSolutionNode = FALSE
	EndGlobalSection
	GlobalSection(ExtensibilityGlobals) = postSolution
		SolutionGuid = {83187B3C-1483-44D8-8511-51A84C78C347}
	EndGlobalSection
EndGlobal
