
Microsoft Visual Studio Solution File, Format Version 12.00
# Visual Studio Version 17
VisualStudioVersion = 17.4.33122.133
MinimumVisualStudioVersion = 10.0.40219.1
Project("{FAE04EC0-301F-11D3-BF4B-00C04F79EFBC}") = "SquaredAndCubic__1143", "SquaredAndCubic__1143\SquaredAndCubic__1143.csproj", "{B856C526-3A1D-485E-8595-884EC6168034}"
EndProject
Global
	GlobalSection(SolutionConfigurationPlatforms) = preSolution
		Debug|Any CPU = Debug|Any CPU
		Release|Any CPU = Release|Any CPU
	EndGlobalSection
	GlobalSection(ProjectConfigurationPlatforms) = postSolution
		{B856C526-3A1D-485E-8595-884EC6168034}.Debug|Any CPU.ActiveCfg = Debug|Any CPU
		{B856C526-3A1D-485E-8595-884EC6168034}.Debug|Any CPU.Build.0 = Debug|Any CPU
		{B856C526-3A1D-485E-8595-884EC6168034}.Release|Any CPU.ActiveCfg = Release|Any CPU
		{B856C526-3A1D-485E-8595-884EC6168034}.Release|Any CPU.Build.0 = Release|Any CPU
	EndGlobalSection
	GlobalSection(SolutionProperties) = preSolution
		HideSolutionNode = FALSE
	EndGlobalSection
	GlobalSection(ExtensibilityGlobals) = postSolution
		SolutionGuid = {C76F947C-29B6-4F3B-A67E-6B98C98AFB3B}
	EndGlobalSection
EndGlobal
