
Microsoft Visual Studio Solution File, Format Version 12.00
# Visual Studio Version 17
VisualStudioVersion = 17.4.33122.133
MinimumVisualStudioVersion = 10.0.40219.1
Project("{FAE04EC0-301F-11D3-BF4B-00C04F79EFBC}") = "Remaining2_1075", "Remaining2_1075\Remaining2_1075.csproj", "{D306062E-3702-41FF-8332-5C3D168379E7}"
EndProject
Global
	GlobalSection(SolutionConfigurationPlatforms) = preSolution
		Debug|Any CPU = Debug|Any CPU
		Release|Any CPU = Release|Any CPU
	EndGlobalSection
	GlobalSection(ProjectConfigurationPlatforms) = postSolution
		{D306062E-3702-41FF-8332-5C3D168379E7}.Debug|Any CPU.ActiveCfg = Debug|Any CPU
		{D306062E-3702-41FF-8332-5C3D168379E7}.Debug|Any CPU.Build.0 = Debug|Any CPU
		{D306062E-3702-41FF-8332-5C3D168379E7}.Release|Any CPU.ActiveCfg = Release|Any CPU
		{D306062E-3702-41FF-8332-5C3D168379E7}.Release|Any CPU.Build.0 = Release|Any CPU
	EndGlobalSection
	GlobalSection(SolutionProperties) = preSolution
		HideSolutionNode = FALSE
	EndGlobalSection
	GlobalSection(ExtensibilityGlobals) = postSolution
		SolutionGuid = {C5DA5436-455F-414D-8958-65CEEAE0C135}
	EndGlobalSection
EndGlobal
