
Microsoft Visual Studio Solution File, Format Version 12.00
# Visual Studio Version 17
VisualStudioVersion = 17.4.33110.190
MinimumVisualStudioVersion = 10.0.40219.1
Project("{FAE04EC0-301F-11D3-BF4B-00C04F79EFBC}") = "Animal_1049", "Animal_1049\Animal_1049.csproj", "{D45A253C-070A-46D9-A159-DF4E73737293}"
EndProject
Global
	GlobalSection(SolutionConfigurationPlatforms) = preSolution
		Debug|Any CPU = Debug|Any CPU
		Release|Any CPU = Release|Any CPU
	EndGlobalSection
	GlobalSection(ProjectConfigurationPlatforms) = postSolution
		{D45A253C-070A-46D9-A159-DF4E73737293}.Debug|Any CPU.ActiveCfg = Debug|Any CPU
		{D45A253C-070A-46D9-A159-DF4E73737293}.Debug|Any CPU.Build.0 = Debug|Any CPU
		{D45A253C-070A-46D9-A159-DF4E73737293}.Release|Any CPU.ActiveCfg = Release|Any CPU
		{D45A253C-070A-46D9-A159-DF4E73737293}.Release|Any CPU.Build.0 = Release|Any CPU
	EndGlobalSection
	GlobalSection(SolutionProperties) = preSolution
		HideSolutionNode = FALSE
	EndGlobalSection
	GlobalSection(ExtensibilityGlobals) = postSolution
		SolutionGuid = {F81EAFC9-6042-4EF5-BAEC-87877A902CC3}
	EndGlobalSection
EndGlobal
