
Microsoft Visual Studio Solution File, Format Version 12.00
# Visual Studio Version 17
VisualStudioVersion = 17.4.33122.133
MinimumVisualStudioVersion = 10.0.40219.1
Project("{FAE04EC0-301F-11D3-BF4B-00C04F79EFBC}") = "SequenceOfNumbersAndSum_1101", "SequenceOfNumbersAndSum_1101\SequenceOfNumbersAndSum_1101.csproj", "{852F58EF-FE88-42B7-A194-98A891869399}"
EndProject
Global
	GlobalSection(SolutionConfigurationPlatforms) = preSolution
		Debug|Any CPU = Debug|Any CPU
		Release|Any CPU = Release|Any CPU
	EndGlobalSection
	GlobalSection(ProjectConfigurationPlatforms) = postSolution
		{852F58EF-FE88-42B7-A194-98A891869399}.Debug|Any CPU.ActiveCfg = Debug|Any CPU
		{852F58EF-FE88-42B7-A194-98A891869399}.Debug|Any CPU.Build.0 = Debug|Any CPU
		{852F58EF-FE88-42B7-A194-98A891869399}.Release|Any CPU.ActiveCfg = Release|Any CPU
		{852F58EF-FE88-42B7-A194-98A891869399}.Release|Any CPU.Build.0 = Release|Any CPU
	EndGlobalSection
	GlobalSection(SolutionProperties) = preSolution
		HideSolutionNode = FALSE
	EndGlobalSection
	GlobalSection(ExtensibilityGlobals) = postSolution
		SolutionGuid = {339F8764-0300-4A43-A41A-D2EA0FBC685A}
	EndGlobalSection
EndGlobal
