
Microsoft Visual Studio Solution File, Format Version 12.00
# Visual Studio Version 17
VisualStudioVersion = 17.4.33122.133
MinimumVisualStudioVersion = 10.0.40219.1
Project("{FAE04EC0-301F-11D3-BF4B-00C04F79EFBC}") = "TypeOfFuel_1134", "TypeOfFuel_1134\TypeOfFuel_1134.csproj", "{CED71CD7-50E2-4D68-A79D-52ED2709A2F6}"
EndProject
Global
	GlobalSection(SolutionConfigurationPlatforms) = preSolution
		Debug|Any CPU = Debug|Any CPU
		Release|Any CPU = Release|Any CPU
	EndGlobalSection
	GlobalSection(ProjectConfigurationPlatforms) = postSolution
		{CED71CD7-50E2-4D68-A79D-52ED2709A2F6}.Debug|Any CPU.ActiveCfg = Debug|Any CPU
		{CED71CD7-50E2-4D68-A79D-52ED2709A2F6}.Debug|Any CPU.Build.0 = Debug|Any CPU
		{CED71CD7-50E2-4D68-A79D-52ED2709A2F6}.Release|Any CPU.ActiveCfg = Release|Any CPU
		{CED71CD7-50E2-4D68-A79D-52ED2709A2F6}.Release|Any CPU.Build.0 = Release|Any CPU
	EndGlobalSection
	GlobalSection(SolutionProperties) = preSolution
		HideSolutionNode = FALSE
	EndGlobalSection
	GlobalSection(ExtensibilityGlobals) = postSolution
		SolutionGuid = {BD77238B-B929-4A06-B5BE-C88DB3CA6662}
	EndGlobalSection
EndGlobal
