
Microsoft Visual Studio Solution File, Format Version 12.00
# Visual Studio Version 17
VisualStudioVersion = 17.4.33110.190
MinimumVisualStudioVersion = 10.0.40219.1
Project("{FAE04EC0-301F-11D3-BF4B-00C04F79EFBC}") = "Month_1052", "Month_1052\Month_1052.csproj", "{BB178507-6B44-4A37-B525-977A092C2B9C}"
EndProject
Global
	GlobalSection(SolutionConfigurationPlatforms) = preSolution
		Debug|Any CPU = Debug|Any CPU
		Release|Any CPU = Release|Any CPU
	EndGlobalSection
	GlobalSection(ProjectConfigurationPlatforms) = postSolution
		{BB178507-6B44-4A37-B525-977A092C2B9C}.Debug|Any CPU.ActiveCfg = Debug|Any CPU
		{BB178507-6B44-4A37-B525-977A092C2B9C}.Debug|Any CPU.Build.0 = Debug|Any CPU
		{BB178507-6B44-4A37-B525-977A092C2B9C}.Release|Any CPU.ActiveCfg = Release|Any CPU
		{BB178507-6B44-4A37-B525-977A092C2B9C}.Release|Any CPU.Build.0 = Release|Any CPU
	EndGlobalSection
	GlobalSection(SolutionProperties) = preSolution
		HideSolutionNode = FALSE
	EndGlobalSection
	GlobalSection(ExtensibilityGlobals) = postSolution
		SolutionGuid = {043ECBF6-C1D9-47E5-810F-A793DF62E401}
	EndGlobalSection
EndGlobal
